{
  "version": 0,
  "extensions": {
    "https://github.com/asg017/sqlite-http": {
      "version": "v0.1.0-alpha.2",
      "artifacts": null,
      "resolved_url": "https://github.com/asg017/sqlite-http",
      "resolved_spm_json": "https://github.com/asg017/sqlite-http/releases/download/v0.1.0-alpha.2/spm.json",
      "integrity": "",
      "spm_json": {
        "version": 0,
        "extensions": {
          "http0": {
            "description": "",
            "platforms": [
              {
                "os": "linux",
                "cpu": "x86_64",
                "asset_name": "sqlite-http-v0.1.0-alpha.2-linux-x86_64.tar.gz",
                "asset_sha256": "3bdea62a980fa66d825aac6ca0da7053221774dcf6e16b0904d414f8e3d6d6a8",
                "asset_md5": "DFxotizU/58Mc1vNbppb+w=="
              },
              {
                "os": "darwin",
                "cpu": "x86_64",
                "asset_name": "sqlite-http-v0.1.0-alpha.2-darwin-x86_64.tar.gz",
                "asset_sha256": "2723f12564deaa400dcb7a2bf5faa4f8284c35ff62b88860bde07032da35a9d6",
                "asset_md5": "T3aF3ZdIef7lF0XAWPDGsg=="
              },
              {
                "os": "windows",
                "cpu": "x86_64",
                "asset_name": "sqlite-http-v0.1.0-alpha.2-windows-x86_64.tar.gz",
                "asset_sha256": "dd17d0066224f112e4d4b9b68c5db7578caebc77e8fe5338044dba6d30a68406",
                "asset_md5": "in2IeQdnBJGn9ZH8Qh5yaQ=="
              }
            ]
          }
        }
      }
    }
  }
}