{
  "version": 0,
  "extensions": {
    "https://github.com/asg017/sqlite-http": {
      "version": "v0.1.0-alpha.2",
      "artifacts": null,
      "resolved_url": "https://github.com/asg017/sqlite-http",
      "resolved_spm_json": "https://github.com/asg017/sqlite-http/releases/download/v0.1.0-alpha.2/spm.json",
      "integrity": "",
      "spm_json": {
        "version": 0,
        "extensions": {
          "http0": {
            "description": "",
            "platforms": [
              {
                "os": "linux",
                "cpu": "x86_64",
                "asset_name": "sqlite-http-v0.1.0-alpha.2-linux-x86_64.tar.gz",
                "asset_sha256": "3bdea62a980fa66d825aac6ca0da7053221774dcf6e16b0904d414f8e3d6d6a8",
                "asset_md5": "DFxotizU/58Mc1vNbppb+w=="
              },
              {
                "os": "darwin",
                "cpu": "x86_64",
                "asset_name": "sqlite-http-v0.1.0-alpha.2-darwin-x86_64.tar.gz",
                "asset_sha256": "2723f12564deaa400dcb7a2bf5faa4f8284c35ff62b88860bde07032da35a9d6",
                "asset_md5": "T3aF3ZdIef7lF0XAWPDGsg=="
              },
              {
                "os": "windows",
                "cpu": "x86_64",
                "asset_name": "sqlite-http-v0.1.0-alpha.2-windows-x86_64.tar.gz",
                "asset_sha256": "dd17d0066224f112e4d4b9b68c5db7578caebc77e8fe5338044dba6d30a68406",
                "asset_md5": "in2IeQdnBJGn9ZH8Qh5yaQ=="
              }
            ]
          }
        }
      }
    },
    "https://github.com/asg017/sqlite-vss": {
      "version": "v0.0.3",
      "artifacts": [
        "vector0"
      ],
      "resolved_url": "https://github.com/asg017/sqlite-vss",
      "resolved_spm_json": "https://github.com/asg017/sqlite-vss/releases/download/v0.0.3/spm.json",
      "integrity": "",
      "spm_json": {
        "version": 0,
        "extensions": {
          "vector0": {
            "description": "",
            "platforms": [
              {
                "os": "linux",
                "cpu": "x86_64",
                "asset_name": "sqlite-vss-v0.0.3-vector0-linux-x86_64.tar.gz",
                "asset_sha256": "81e86dab22a3e9cea1f59f0661d25061e1ad79ff77b69bc795481ea0e874551b",
                "asset_md5": "1x9yTcQ7wzdfRZd2VT9kgA=="
              },
              {
                "os": "darwin",
                "cpu": "x86_64",
                "asset_name": "sqlite-vss-v0.0.3-vector0-darwin-x86_64.tar.gz",
                "asset_sha256": "706e87de380bcfe34c75b586b08e21719e1a4898be30287f9573718f472b09f8",
                "asset_md5": "C8ktVtnHfQ4eU5311rcg6g=="
              }
            ]
          },
          "vss0": {
            "description": "",
            "platforms": [
              {
                "os": "linux",
                "cpu": "x86_64",
                "asset_name": "sqlite-vss-v0.0.3-vss0-linux-x86_64.tar.gz",
                "asset_sha256": "85c5d22f4f09b3f4b01cabf4d2f2178284246466bc143b8ea7e8600a18738651",
                "asset_md5": "7MwiacZOGuqBkKR8Uo31Zw=="
              },
              {
                "os": "darwin",
                "cpu": "x86_64",
                "asset_name": "sqlite-vss-v0.0.3-vss0-darwin-x86_64.tar.gz",
                "asset_sha256": "417d0d5716cb0ba6f45d592ed6f1f1eb835d1950e9ce09abdb2cb6918648c9b7",
                "asset_md5": "AcTXFEilJK68C95VWmHYdQ=="
              }
            ]
          }
        }
      }
    }
  }
}